<?xml version="1.0" encoding="utf-8"?>
<Project ToolsVersion="4.0" xmlns="http://schemas.microsoft.com/developer/msbuild/2003">
  <ItemGroup>
    <Filter Include="소스 파일">
      <UniqueIdentifier>{4FC737F1-C7A5-4376-A066-2A32D752A2FF}</UniqueIdentifier>
      <Extensions>cpp;c;cc;cxx;c++;cppm;ixx;def;odl;idl;hpj;bat;asm;asmx</Extensions>
    </Filter>
    <Filter Include="리소스 파일">
      <UniqueIdentifier>{67DA6AB6-F800-4c08-8B7A-83BB121AAD01}</UniqueIdentifier>
      <Extensions>rc;ico;cur;bmp;dlg;rc2;rct;bin;rgs;gif;jpg;jpeg;jpe;resx;tiff;tif;png;wav;mfcribbon-ms</Extensions>
    </Filter>
    <Filter Include="소스 파일\99. Include">
      <UniqueIdentifier>{dbd3d79b-3678-40a3-8531-a9bce322e0ca}</UniqueIdentifier>
    </Filter>
    <Filter Include="소스 파일\99. Include\Common">
      <UniqueIdentifier>{19f47b29-edf6-4e2c-ad13-b1fc4b4439e9}</UniqueIdentifier>
    </Filter>
    <Filter Include="소스 파일\00. Default">
      <UniqueIdentifier>{33caa763-2300-476c-815f-3f21b4d69a1e}</UniqueIdentifier>
    </Filter>
    <Filter Include="소스 파일\01. Client">
      <UniqueIdentifier>{935f08b3-0566-4eea-9d08-6476e3e1cadb}</UniqueIdentifier>
    </Filter>
    <Filter Include="소스 파일\01. Client\Packet">
      <UniqueIdentifier>{89cbb41b-4660-4432-98bc-15a931bc4176}</UniqueIdentifier>
    </Filter>
    <Filter Include="소스 파일\01. Client\GameObject">
      <UniqueIdentifier>{1ad7fae4-fabf-4d38-b4ba-484ed5673899}</UniqueIdentifier>
    </Filter>
    <Filter Include="소스 파일\01. Client\GameObject\Player">
      <UniqueIdentifier>{6d7cede9-f12c-4b53-8306-17952acbc895}</UniqueIdentifier>
    </Filter>
    <Filter Include="소스 파일\00. Default\00. MatchMaking">
      <UniqueIdentifier>{6c69f5b2-ba12-4238-b879-456a9f98b6c6}</UniqueIdentifier>
    </Filter>
    <Filter Include="소스 파일\01. Client\GameObject\Soldier">
      <UniqueIdentifier>{44211a74-f108-41d2-948c-cb055d0891b0}</UniqueIdentifier>
    </Filter>
    <Filter Include="소스 파일\01. Client\GameObject\Soldier\00. SpearMan">
      <UniqueIdentifier>{c5dbcdbb-8031-488f-ac80-22f9e50c2a4a}</UniqueIdentifier>
    </Filter>
    <Filter Include="소스 파일\01. Client\GameObject\Soldier\01. Daka">
      <UniqueIdentifier>{8581c56b-1ce2-408c-91c6-52c91a3d7c26}</UniqueIdentifier>
    </Filter>
    <Filter Include="소스 파일\01. Client\GameObject\Soldier\99. SoldierMgr">
      <UniqueIdentifier>{6eb93a3b-4cea-4e5b-afa4-a338c3c5270f}</UniqueIdentifier>
    </Filter>
    <Filter Include="소스 파일\01. Client\Packet\MemoryMgr">
      <UniqueIdentifier>{f674ae0a-b782-424b-9cf0-c4ccfa1a4ffc}</UniqueIdentifier>
    </Filter>
    <Filter Include="소스 파일\02. Timer">
      <UniqueIdentifier>{a181df22-851b-46aa-8ead-822973fd74c6}</UniqueIdentifier>
    </Filter>
    <Filter Include="소스 파일\02. Timer\00. Manager">
      <UniqueIdentifier>{d60b2ac3-b4db-4706-a104-c1fa58568431}</UniqueIdentifier>
    </Filter>
  </ItemGroup>
  <ItemGroup>
    <ClCompile Include="Common.cpp">
      <Filter>소스 파일\99. Include\Common</Filter>
    </ClCompile>
    <ClCompile Include="GameServer_Select.cpp">
      <Filter>소스 파일\00. Default</Filter>
    </ClCompile>
    <ClCompile Include="Client.cpp">
      <Filter>소스 파일\01. Client</Filter>
    </ClCompile>
    <ClCompile Include="Packet.cpp">
      <Filter>소스 파일\01. Client\Packet</Filter>
    </ClCompile>
    <ClCompile Include="GameObject.cpp">
      <Filter>소스 파일\01. Client\GameObject</Filter>
    </ClCompile>
    <ClCompile Include="Player.cpp">
      <Filter>소스 파일\01. Client\GameObject\Player</Filter>
    </ClCompile>
    <ClCompile Include="MatchMakingMgr.cpp">
      <Filter>소스 파일\00. Default\00. MatchMaking</Filter>
    </ClCompile>
    <ClCompile Include="SpearMan.cpp">
      <Filter>소스 파일\01. Client\GameObject\Soldier\00. SpearMan</Filter>
    </ClCompile>
    <ClCompile Include="Daka.cpp">
      <Filter>소스 파일\01. Client\GameObject\Soldier\01. Daka</Filter>
    </ClCompile>
    <ClCompile Include="Soldier.cpp">
      <Filter>소스 파일\01. Client\GameObject\Soldier</Filter>
    </ClCompile>
    <ClCompile Include="SoldierMgr.cpp">
      <Filter>소스 파일\01. Client\GameObject\Soldier\99. SoldierMgr</Filter>
    </ClCompile>
    <ClCompile Include="MemoryPooler.cpp">
      <Filter>소스 파일\01. Client\Packet\MemoryMgr</Filter>
    </ClCompile>
    <ClCompile Include="Timer.cpp">
      <Filter>소스 파일\02. Timer</Filter>
    </ClCompile>
    <ClCompile Include="TimerManager.cpp">
      <Filter>소스 파일\02. Timer\00. Manager</Filter>
    </ClCompile>
  </ItemGroup>
  <ItemGroup>
    <ClInclude Include="Include.h">
      <Filter>소스 파일\99. Include</Filter>
    </ClInclude>
    <ClInclude Include="Define.h">
      <Filter>소스 파일\99. Include</Filter>
    </ClInclude>
    <ClInclude Include="Common.h">
      <Filter>소스 파일\99. Include\Common</Filter>
    </ClInclude>
    <ClInclude Include="Struct.h">
      <Filter>소스 파일\99. Include</Filter>
    </ClInclude>
    <ClInclude Include="Enum.h">
      <Filter>소스 파일\99. Include</Filter>
    </ClInclude>
    <ClInclude Include="Client.h">
      <Filter>소스 파일\01. Client</Filter>
    </ClInclude>
    <ClInclude Include="Packet.h">
      <Filter>소스 파일\01. Client\Packet</Filter>
    </ClInclude>
    <ClInclude Include="GameObject.h">
      <Filter>소스 파일\01. Client\GameObject</Filter>
    </ClInclude>
    <ClInclude Include="Player.h">
      <Filter>소스 파일\01. Client\GameObject\Player</Filter>
    </ClInclude>
    <ClInclude Include="MatchMakingMgr.h">
      <Filter>소스 파일\00. Default\00. MatchMaking</Filter>
    </ClInclude>
    <ClInclude Include="SpearMan.h">
      <Filter>소스 파일\01. Client\GameObject\Soldier\00. SpearMan</Filter>
    </ClInclude>
    <ClInclude Include="Daka.h">
      <Filter>소스 파일\01. Client\GameObject\Soldier\01. Daka</Filter>
    </ClInclude>
    <ClInclude Include="Soldier.h">
      <Filter>소스 파일\01. Client\GameObject\Soldier</Filter>
    </ClInclude>
    <ClInclude Include="SoldierMgr.h">
      <Filter>소스 파일\01. Client\GameObject\Soldier\99. SoldierMgr</Filter>
    </ClInclude>
    <ClInclude Include="MemoryPooler.h">
      <Filter>소스 파일\01. Client\Packet\MemoryMgr</Filter>
    </ClInclude>
    <ClInclude Include="Timer.h">
      <Filter>소스 파일\02. Timer</Filter>
    </ClInclude>
    <ClInclude Include="Engine_Functor.h">
      <Filter>소스 파일\99. Include</Filter>
    </ClInclude>
    <ClInclude Include="TimerManager.h">
      <Filter>소스 파일\02. Timer\00. Manager</Filter>
    </ClInclude>
  </ItemGroup>
</Project>